
Microsoft Visual Studio Solution File, Format Version 12.00
# Visual Studio Version 16
VisualStudioVersion = 16.0.30804.86
MinimumVisualStudioVersion = 10.0.40219.1
Project("{FAE04EC0-301F-11D3-BF4B-00C04F79EFBC}") = "Task1", "Task1\Task1.csproj", "{093505F3-C368-4472-B526-BEF213D98460}"
EndProject
Global
	GlobalSection(SolutionConfigurationPlatforms) = preSolution
		Debug|Any CPU = Debug|Any CPU
		Release|Any CPU = Release|Any CPU
	EndGlobalSection
	GlobalSection(ProjectConfigurationPlatforms) = postSolution
		{093505F3-C368-4472-B526-BEF213D98460}.Debug|Any CPU.ActiveCfg = Debug|Any CPU
		{093505F3-C368-4472-B526-BEF213D98460}.Debug|Any CPU.Build.0 = Debug|Any CPU
		{093505F3-C368-4472-B526-BEF213D98460}.Release|Any CPU.ActiveCfg = Release|Any CPU
		{093505F3-C368-4472-B526-BEF213D98460}.Release|Any CPU.Build.0 = Release|Any CPU
	EndGlobalSection
	GlobalSection(SolutionProperties) = preSolution
		HideSolutionNode = FALSE
	EndGlobalSection
	GlobalSection(ExtensibilityGlobals) = postSolution
		SolutionGuid = {23D5D966-464D-4C1D-BE07-E845D8D81ADB}
	EndGlobalSection
EndGlobal
